# Generated by pub
# See https://dart.dev/tools/pub/glossary#lockfile
packages:
  _flutterfire_internals:
    dependency: transitive
    description:
      name: _flutterfire_internals
      sha256: "867b77e2367bc502dcd4d5a66302615409f04eb20ed82ba1c0ba073f9107e018"
      url: "https://pub.dev"
    source: hosted
    version: "1.2.0"
  animated_bottom_navigation_bar:
    dependency: "direct main"
    description:
      name: animated_bottom_navigation_bar
      sha256: "241307d13d3b1eeb2768017af906a0132e7a4569298d9e96a111faf154d6bf26"
      url: "https://pub.dev"
    source: hosted
    version: "1.2.0"
  archive:
    dependency: transitive
    description:
      name: archive
      sha256: "0c8368c9b3f0abbc193b9d6133649a614204b528982bebc7026372d61677ce3a"
      url: "https://pub.dev"
    source: hosted
    version: "3.3.7"
  args:
    dependency: transitive
    description:
      name: args
      sha256: c372bb384f273f0c2a8aaaa226dad84dc27c8519a691b888725dec59518ad53a
      url: "https://pub.dev"
    source: hosted
    version: "2.4.1"
  async:
    dependency: transitive
    description:
      name: async
      sha256: bfe67ef28df125b7dddcea62755991f807aa39a2492a23e1550161692950bbe0
      url: "https://pub.dev"
    source: hosted
    version: "2.10.0"
  awesome_notifications:
    dependency: "direct main"
    description:
      name: awesome_notifications
      sha256: "2b430c75cc879d6cfd52bb6eb2b5c1591ed425347816408cdcbd3f6916bba14c"
      url: "https://pub.dev"
    source: hosted
    version: "0.7.4+1"
  base58check:
    dependency: transitive
    description:
      name: base58check
      sha256: "6c300dfc33e598d2fe26319e13f6243fea81eaf8204cb4c6b69ef20a625319a5"
      url: "https://pub.dev"
    source: hosted
    version: "2.0.0"
  bech32:
    dependency: transitive
    description:
      name: bech32
      sha256: "156cbace936f7720c79a79d16a03efad343b1ef17106716e04b8b8e39f99f7f7"
      url: "https://pub.dev"
    source: hosted
    version: "0.2.2"
  boolean_selector:
    dependency: transitive
    description:
      name: boolean_selector
      sha256: "6cfb5af12253eaf2b368f07bacc5a80d1301a071c73360d746b7f2e32d762c66"
      url: "https://pub.dev"
    source: hosted
    version: "2.1.1"
  cached_network_image:
    dependency: "direct main"
    description:
      name: cached_network_image
      sha256: fd3d0dc1d451f9a252b32d95d3f0c3c487bc41a75eba2e6097cb0b9c71491b15
      url: "https://pub.dev"
    source: hosted
    version: "3.2.3"
  cached_network_image_platform_interface:
    dependency: transitive
    description:
      name: cached_network_image_platform_interface
      sha256: bb2b8403b4ccdc60ef5f25c70dead1f3d32d24b9d6117cfc087f496b178594a7
      url: "https://pub.dev"
    source: hosted
    version: "2.0.0"
  cached_network_image_web:
    dependency: transitive
    description:
      name: cached_network_image_web
      sha256: b8eb814ebfcb4dea049680f8c1ffb2df399e4d03bf7a352c775e26fa06e02fa0
      url: "https://pub.dev"
    source: hosted
    version: "1.0.2"
  characters:
    dependency: transitive
    description:
      name: characters
      sha256: e6a326c8af69605aec75ed6c187d06b349707a27fbff8222ca9cc2cff167975c
      url: "https://pub.dev"
    source: hosted
    version: "1.2.1"
  clock:
    dependency: transitive
    description:
      name: clock
      sha256: cb6d7f03e1de671e34607e909a7213e31d7752be4fb66a86d29fe1eb14bfb5cf
      url: "https://pub.dev"
    source: hosted
    version: "1.1.1"
  collection:
    dependency: transitive
    description:
      name: collection
      sha256: cfc915e6923fe5ce6e153b0723c753045de46de1b4d63771530504004a45fae0
      url: "https://pub.dev"
    source: hosted
    version: "1.17.0"
  convert:
    dependency: transitive
    description:
      name: convert
      sha256: "0f08b14755d163f6e2134cb58222dd25ea2a2ee8a195e53983d57c075324d592"
      url: "https://pub.dev"
    source: hosted
    version: "3.1.1"
  crypto:
    dependency: transitive
    description:
      name: crypto
      sha256: ff625774173754681d66daaf4a448684fb04b78f902da9cb3d308c19cc5e8bab
      url: "https://pub.dev"
    source: hosted
    version: "3.0.3"
  cupertino_icons:
    dependency: "direct main"
    description:
      name: cupertino_icons
      sha256: e35129dc44c9118cee2a5603506d823bab99c68393879edb440e0090d07586be
      url: "https://pub.dev"
    source: hosted
    version: "1.0.5"
  dialog_flowtter:
    dependency: "direct main"
    description:
      name: dialog_flowtter
      sha256: "03b0dd97b6b1e148f3c71378e6ab340fab1b3a77a48ca1aa5202fc25862e9f3f"
      url: "https://pub.dev"
    source: hosted
    version: "0.3.3"
  dio:
    dependency: "direct main"
    description:
      name: dio
      sha256: "7d328c4d898a61efc3cd93655a0955858e29a0aa647f0f9e02d59b3bb275e2e8"
      url: "https://pub.dev"
    source: hosted
    version: "4.0.6"
  dio_logger:
    dependency: "direct main"
    description:
      name: dio_logger
      sha256: cbb04b6216d8ad3944cdfbde2801e1e292fc44da49f2d0c746636e30a2c82dbf
      url: "https://pub.dev"
    source: hosted
    version: "4.0.8+8"
  equatable:
    dependency: transitive
    description:
      name: equatable
      sha256: c2b87cb7756efdf69892005af546c56c0b5037f54d2a88269b4f347a505e3ca2
      url: "https://pub.dev"
    source: hosted
    version: "2.0.5"
  fake_async:
    dependency: transitive
    description:
      name: fake_async
      sha256: "511392330127add0b769b75a987850d136345d9227c6b94c96a04cf4a391bf78"
      url: "https://pub.dev"
    source: hosted
    version: "1.3.1"
  ffi:
    dependency: transitive
    description:
      name: ffi
      sha256: a38574032c5f1dd06c4aee541789906c12ccaab8ba01446e800d9c5b79c4a978
      url: "https://pub.dev"
    source: hosted
    version: "2.0.1"
  file:
    dependency: transitive
    description:
      name: file
      sha256: "1b92bec4fc2a72f59a8e15af5f52cd441e4a7860b49499d69dfa817af20e925d"
      url: "https://pub.dev"
    source: hosted
    version: "6.1.4"
  firebase_auth:
    dependency: "direct main"
    description:
      name: firebase_auth
      sha256: "76da24b6c2aee88694d42c1a8896bc84d85adbd4a7801f376f1cce6dc8b09a15"
      url: "https://pub.dev"
    source: hosted
    version: "4.5.0"
  firebase_auth_platform_interface:
    dependency: transitive
    description:
      name: firebase_auth_platform_interface
      sha256: "4d30c51a60df38e7ba2240fe9dbf8d5c17f7e51b8699f66ae3b263927a0ab586"
      url: "https://pub.dev"
    source: hosted
    version: "6.14.0"
  firebase_auth_web:
    dependency: transitive
    description:
      name: firebase_auth_web
      sha256: de446cda07814ce690688830748fd9857fc4027e8434f8a8af11c8d4619c2197
      url: "https://pub.dev"
    source: hosted
    version: "5.4.0"
  firebase_core:
    dependency: "direct main"
    description:
      name: firebase_core
      sha256: dcf54c170c5371ad0e79229d0fb372c58262ae0968b7de222bf28e51dd236be0
      url: "https://pub.dev"
    source: hosted
    version: "2.11.0"
  firebase_core_platform_interface:
    dependency: "direct main"
    description:
      name: firebase_core_platform_interface
      sha256: ae79f335f6c7f2dadb00c98c429da2ca905d265e0225fb5e7dfa62ac3accad48
      url: "https://pub.dev"
    source: hosted
    version: "4.7.0"
  firebase_core_web:
    dependency: transitive
    description:
      name: firebase_core_web
      sha256: e57ef862257a0d977c1308d02e2fbb9b68525e6d85711b08f3df8cec836fb444
      url: "https://pub.dev"
    source: hosted
    version: "2.4.0"
  firebase_messaging:
    dependency: "direct main"
    description:
      name: firebase_messaging
      sha256: "88a4bf569899344d863db26a73092681b590274f570f0a431051b92c4dd9bee3"
      url: "https://pub.dev"
    source: hosted
    version: "14.5.0"
  firebase_messaging_platform_interface:
    dependency: transitive
    description:
      name: firebase_messaging_platform_interface
      sha256: "482fa6998f6cb10b30324ca8bfa0e2fcc0defed9484ccccce118b1b347e39a24"
      url: "https://pub.dev"
    source: hosted
    version: "4.4.0"
  firebase_messaging_web:
    dependency: transitive
    description:
      name: firebase_messaging_web
      sha256: "61f7d323085704fbcc7b056a49d75211b2eb698610b878fec6cda18dd04d754f"
      url: "https://pub.dev"
    source: hosted
    version: "3.4.0"
  flutter:
    dependency: "direct main"
    description: flutter
    source: sdk
    version: "0.0.0"
  flutter_blurhash:
    dependency: transitive
    description:
      name: flutter_blurhash
      sha256: "05001537bd3fac7644fa6558b09ec8c0a3f2eba78c0765f88912882b1331a5c6"
      url: "https://pub.dev"
    source: hosted
    version: "0.7.0"
  flutter_cache_manager:
    dependency: transitive
    description:
      name: flutter_cache_manager
      sha256: "32cd900555219333326a2d0653aaaf8671264c29befa65bbd9856d204a4c9fb3"
      url: "https://pub.dev"
    source: hosted
    version: "3.3.0"
  flutter_lints:
    dependency: "direct dev"
    description:
      name: flutter_lints
      sha256: aeb0b80a8b3709709c9cc496cdc027c5b3216796bc0af0ce1007eaf24464fd4c
      url: "https://pub.dev"
    source: hosted
    version: "2.0.1"
  flutter_multi_formatter:
    dependency: "direct main"
    description:
      name: flutter_multi_formatter
      sha256: c8b40c94350eff4730f76059c0e84a6cca9e0ebcf3c7a2c741c6ab327b65bc01
      url: "https://pub.dev"
    source: hosted
    version: "2.10.9"
  flutter_riverpod:
    dependency: "direct main"
    description:
      name: flutter_riverpod
      sha256: b83ac5827baadefd331ea1d85110f34645827ea234ccabf53a655f41901a9bf4
      url: "https://pub.dev"
    source: hosted
    version: "2.3.6"
  flutter_screenutil:
    dependency: "direct main"
    description:
      name: flutter_screenutil
      sha256: "0a122936b450324cbdfd51be0819cc6fcebb093eb65585e9cd92263f7a1a8a39"
      url: "https://pub.dev"
    source: hosted
    version: "5.7.0"
  flutter_test:
    dependency: "direct dev"
    description: flutter
    source: sdk
    version: "0.0.0"
  flutter_web_plugins:
    dependency: transitive
    description: flutter
    source: sdk
    version: "0.0.0"
  fpdart:
    dependency: "direct main"
    description:
      name: fpdart
      sha256: "4a0d047c3359a4bdd19e4941603bbe394bd133b3772a38049e17f9534d47106e"
      url: "https://pub.dev"
    source: hosted
    version: "0.6.0"
  getwidget:
    dependency: "direct main"
    description:
      name: getwidget
      sha256: "6bdf191f91de5f80f9abd49e3cffaef66256167aaa091626ac78d5c81c645335"
      url: "https://pub.dev"
    source: hosted
    version: "3.1.1"
  google_fonts:
    dependency: "direct main"
    description:
      name: google_fonts
      sha256: "6b6f10f0ce3c42f6552d1c70d2c28d764cf22bb487f50f66cca31dcd5194f4d6"
      url: "https://pub.dev"
    source: hosted
    version: "4.0.4"
  google_identity_services_web:
    dependency: transitive
    description:
      name: google_identity_services_web
      sha256: "7940fdc3b1035db4d65d387c1bdd6f9574deaa6777411569c05ecc25672efacd"
      url: "https://pub.dev"
    source: hosted
    version: "0.2.1"
  google_sign_in:
    dependency: "direct main"
    description:
      name: google_sign_in
      sha256: "776a4c988dc179c3b8e9201de0ad61bf350a4e75d378ff9d94c76880378c7bca"
      url: "https://pub.dev"
    source: hosted
    version: "6.1.0"
  google_sign_in_android:
    dependency: transitive
    description:
      name: google_sign_in_android
      sha256: "2a8b90b766ce00b03e7543f4ffeec97b6eb51fb6c3f31ce2a364bd1f1b9dd7fc"
      url: "https://pub.dev"
    source: hosted
    version: "6.1.14"
  google_sign_in_ios:
    dependency: transitive
    description:
      name: google_sign_in_ios
      sha256: "6ec0e13a4c5c646471b9f6a25ceb3ae76d339889d4c0f79b729bf0714215a63e"
      url: "https://pub.dev"
    source: hosted
    version: "5.6.2"
  google_sign_in_platform_interface:
    dependency: transitive
    description:
      name: google_sign_in_platform_interface
      sha256: "95a9e0a8701b5485f2ca330fd1fc6f918f5ce088042ce1019c5e389d8574ae4c"
      url: "https://pub.dev"
    source: hosted
    version: "2.4.0"
  google_sign_in_web:
    dependency: transitive
    description:
      name: google_sign_in_web
      sha256: "7e0ec507f4752383a6daa67d0cc775253cfc3b1d87907e7004e2c1b99c0a723f"
      url: "https://pub.dev"
    source: hosted
    version: "0.12.0"
  googleapis_auth:
    dependency: transitive
    description:
      name: googleapis_auth
      sha256: f59be210ede1e22718962e4ef48a08ae783eb67fe19b0f4c16b204e20df0869c
      url: "https://pub.dev"
    source: hosted
    version: "1.4.0"
  http:
    dependency: transitive
    description:
      name: http
      sha256: "5895291c13fa8a3bd82e76d5627f69e0d85ca6a30dcac95c4ea19a5d555879c2"
      url: "https://pub.dev"
    source: hosted
    version: "0.13.6"
  http_parser:
    dependency: transitive
    description:
      name: http_parser
      sha256: "2aa08ce0341cc9b354a498388e30986515406668dbcc4f7c950c3e715496693b"
      url: "https://pub.dev"
    source: hosted
    version: "4.0.2"
  intl:
    dependency: "direct main"
    description:
      name: intl
      sha256: "910f85bce16fb5c6f614e117efa303e85a1731bb0081edf3604a2ae6e9a3cc91"
      url: "https://pub.dev"
    source: hosted
    version: "0.17.0"
  js:
    dependency: transitive
    description:
      name: js
      sha256: "5528c2f391ededb7775ec1daa69e65a2d61276f7552de2b5f7b8d34ee9fd4ab7"
      url: "https://pub.dev"
    source: hosted
    version: "0.6.5"
  json_annotation:
    dependency: transitive
    description:
      name: json_annotation
      sha256: b10a7b2ff83d83c777edba3c6a0f97045ddadd56c944e1a23a3fdf43a1bf4467
      url: "https://pub.dev"
    source: hosted
    version: "4.8.1"
  lints:
    dependency: transitive
    description:
      name: lints
      sha256: "5e4a9cd06d447758280a8ac2405101e0e2094d2a1dbdd3756aec3fe7775ba593"
      url: "https://pub.dev"
    source: hosted
    version: "2.0.1"
  lottie:
    dependency: "direct main"
    description:
      name: lottie
      sha256: "23522951540d20a57a60202ed7022e6376bed206a4eee1c347a91f58bd57eb9f"
      url: "https://pub.dev"
    source: hosted
    version: "2.3.2"
  matcher:
    dependency: transitive
    description:
      name: matcher
      sha256: "16db949ceee371e9b99d22f88fa3a73c4e59fd0afed0bd25fc336eb76c198b72"
      url: "https://pub.dev"
    source: hosted
    version: "0.12.13"
  material_color_utilities:
    dependency: transitive
    description:
      name: material_color_utilities
      sha256: d92141dc6fe1dad30722f9aa826c7fbc896d021d792f80678280601aff8cf724
      url: "https://pub.dev"
    source: hosted
    version: "0.2.0"
  meta:
    dependency: transitive
    description:
      name: meta
      sha256: "6c268b42ed578a53088d834796959e4a1814b5e9e164f147f580a386e5decf42"
      url: "https://pub.dev"
    source: hosted
    version: "1.8.0"
  octo_image:
    dependency: transitive
    description:
      name: octo_image
      sha256: "107f3ed1330006a3bea63615e81cf637433f5135a52466c7caa0e7152bca9143"
      url: "https://pub.dev"
    source: hosted
    version: "1.0.2"
  path:
    dependency: transitive
    description:
      name: path
      sha256: db9d4f58c908a4ba5953fcee2ae317c94889433e5024c27ce74a37f94267945b
      url: "https://pub.dev"
    source: hosted
    version: "1.8.2"
  path_provider:
    dependency: transitive
    description:
      name: path_provider
      sha256: c7edf82217d4b2952b2129a61d3ad60f1075b9299e629e149a8d2e39c2e6aad4
      url: "https://pub.dev"
    source: hosted
    version: "2.0.14"
  path_provider_android:
    dependency: transitive
    description:
      name: path_provider_android
      sha256: "2cec049d282c7f13c594b4a73976b0b4f2d7a1838a6dd5aaf7bd9719196bee86"
      url: "https://pub.dev"
    source: hosted
    version: "2.0.27"
  path_provider_foundation:
    dependency: transitive
    description:
      name: path_provider_foundation
      sha256: ad4c4d011830462633f03eb34445a45345673dfd4faf1ab0b4735fbd93b19183
      url: "https://pub.dev"
    source: hosted
    version: "2.2.2"
  path_provider_linux:
    dependency: transitive
    description:
      name: path_provider_linux
      sha256: "2ae08f2216225427e64ad224a24354221c2c7907e448e6e0e8b57b1eb9f10ad1"
      url: "https://pub.dev"
    source: hosted
    version: "2.1.10"
  path_provider_platform_interface:
    dependency: transitive
    description:
      name: path_provider_platform_interface
      sha256: "57585299a729335f1298b43245842678cb9f43a6310351b18fb577d6e33165ec"
      url: "https://pub.dev"
    source: hosted
    version: "2.0.6"
  path_provider_windows:
    dependency: transitive
    description:
      name: path_provider_windows
      sha256: d3f80b32e83ec208ac95253e0cd4d298e104fbc63cb29c5c69edaed43b0c69d6
      url: "https://pub.dev"
    source: hosted
    version: "2.1.6"
  pedantic:
    dependency: transitive
    description:
      name: pedantic
      sha256: "67fc27ed9639506c856c840ccce7594d0bdcd91bc8d53d6e52359449a1d50602"
      url: "https://pub.dev"
    source: hosted
    version: "1.11.1"
  platform:
    dependency: transitive
    description:
      name: platform
      sha256: "4a451831508d7d6ca779f7ac6e212b4023dd5a7d08a27a63da33756410e32b76"
      url: "https://pub.dev"
    source: hosted
    version: "3.1.0"
  plugin_platform_interface:
    dependency: transitive
    description:
      name: plugin_platform_interface
      sha256: "6a2128648c854906c53fa8e33986fc0247a1116122f9534dd20e3ab9e16a32bc"
      url: "https://pub.dev"
    source: hosted
    version: "2.1.4"
  pointycastle:
    dependency: transitive
    description:
      name: pointycastle
      sha256: "7c1e5f0d23c9016c5bbd8b1473d0d3fb3fc851b876046039509e18e0c7485f2c"
      url: "https://pub.dev"
    source: hosted
    version: "3.7.3"
  process:
    dependency: transitive
    description:
      name: process
      sha256: "53fd8db9cec1d37b0574e12f07520d582019cb6c44abf5479a01505099a34a09"
      url: "https://pub.dev"
    source: hosted
    version: "4.2.4"
  quiver:
    dependency: transitive
    description:
      name: quiver
      sha256: b1c1ac5ce6688d77f65f3375a9abb9319b3cb32486bdc7a1e0fdf004d7ba4e47
      url: "https://pub.dev"
    source: hosted
    version: "3.2.1"
  riverpod:
    dependency: transitive
    description:
      name: riverpod
      sha256: "80e48bebc83010d5e67a11c9514af6b44bbac1ec77b4333c8ea65dbc79e2d8ef"
      url: "https://pub.dev"
    source: hosted
    version: "2.3.6"
  rxdart:
    dependency: transitive
    description:
      name: rxdart
      sha256: "0c7c0cedd93788d996e33041ffecda924cc54389199cde4e6a34b440f50044cb"
      url: "https://pub.dev"
    source: hosted
    version: "0.27.7"
  shared_preferences:
    dependency: "direct main"
    description:
      name: shared_preferences
      sha256: "858aaa72d8f61637d64e776aca82e1c67e6d9ee07979123c5d17115031c1b13b"
      url: "https://pub.dev"
    source: hosted
    version: "2.1.0"
  shared_preferences_android:
    dependency: transitive
    description:
      name: shared_preferences_android
      sha256: "6478c6bbbecfe9aced34c483171e90d7c078f5883558b30ec3163cf18402c749"
      url: "https://pub.dev"
    source: hosted
    version: "2.1.4"
  shared_preferences_foundation:
    dependency: transitive
    description:
      name: shared_preferences_foundation
      sha256: "0c1c16c56c9708aa9c361541a6f0e5cc6fc12a3232d866a687a7b7db30032b07"
      url: "https://pub.dev"
    source: hosted
    version: "2.2.1"
  shared_preferences_linux:
    dependency: transitive
    description:
      name: shared_preferences_linux
      sha256: "9d387433ca65717bbf1be88f4d5bb18f10508917a8fa2fb02e0fd0d7479a9afa"
      url: "https://pub.dev"
    source: hosted
    version: "2.2.0"
  shared_preferences_platform_interface:
    dependency: transitive
    description:
      name: shared_preferences_platform_interface
      sha256: fb5cf25c0235df2d0640ac1b1174f6466bd311f621574997ac59018a6664548d
      url: "https://pub.dev"
    source: hosted
    version: "2.2.0"
  shared_preferences_web:
    dependency: transitive
    description:
      name: shared_preferences_web
      sha256: "74083203a8eae241e0de4a0d597dbedab3b8fef5563f33cf3c12d7e93c655ca5"
      url: "https://pub.dev"
    source: hosted
    version: "2.1.0"
  shared_preferences_windows:
    dependency: transitive
    description:
      name: shared_preferences_windows
      sha256: "5e588e2efef56916a3b229c3bfe81e6a525665a454519ca51dbcc4236a274173"
      url: "https://pub.dev"
    source: hosted
    version: "2.2.0"
  sky_engine:
    dependency: transitive
    description: flutter
    source: sdk
    version: "0.0.99"
  smooth_page_indicator:
    dependency: "direct main"
    description:
      name: smooth_page_indicator
      sha256: "725bc638d5e79df0c84658e1291449996943f93bacbc2cec49963dbbab48d8ae"
      url: "https://pub.dev"
    source: hosted
    version: "1.1.0"
  source_span:
    dependency: transitive
    description:
      name: source_span
      sha256: dd904f795d4b4f3b870833847c461801f6750a9fa8e61ea5ac53f9422b31f250
      url: "https://pub.dev"
    source: hosted
    version: "1.9.1"
  sqflite:
    dependency: transitive
    description:
      name: sqflite
      sha256: acf091c6e55c50d00b30b8532b2dd23e393cf775861665ebd0f15cdd6ebfb079
      url: "https://pub.dev"
    source: hosted
    version: "2.2.8+1"
  sqflite_common:
    dependency: transitive
    description:
      name: sqflite_common
      sha256: e77abf6ff961d69dfef41daccbb66b51e9983cdd5cb35bf30733598057401555
      url: "https://pub.dev"
    source: hosted
    version: "2.4.5"
  stack_trace:
    dependency: transitive
    description:
      name: stack_trace
      sha256: c3c7d8edb15bee7f0f74debd4b9c5f3c2ea86766fe4178eb2a18eb30a0bdaed5
      url: "https://pub.dev"
    source: hosted
    version: "1.11.0"
  state_notifier:
    dependency: transitive
    description:
      name: state_notifier
      sha256: "8fe42610f179b843b12371e40db58c9444f8757f8b69d181c97e50787caed289"
      url: "https://pub.dev"
    source: hosted
    version: "0.7.2+1"
  stream_channel:
    dependency: transitive
    description:
      name: stream_channel
      sha256: "83615bee9045c1d322bbbd1ba209b7a749c2cbcdcb3fdd1df8eb488b3279c1c8"
      url: "https://pub.dev"
    source: hosted
    version: "2.1.1"
  string_scanner:
    dependency: transitive
    description:
      name: string_scanner
      sha256: "556692adab6cfa87322a115640c11f13cb77b3f076ddcc5d6ae3c20242bedcde"
      url: "https://pub.dev"
    source: hosted
    version: "1.2.0"
  synchronized:
    dependency: transitive
    description:
      name: synchronized
      sha256: "5fcbd27688af6082f5abd611af56ee575342c30e87541d0245f7ff99faa02c60"
      url: "https://pub.dev"
    source: hosted
    version: "3.1.0"
  term_glyph:
    dependency: transitive
    description:
      name: term_glyph
      sha256: a29248a84fbb7c79282b40b8c72a1209db169a2e0542bce341da992fe1bc7e84
      url: "https://pub.dev"
    source: hosted
    version: "1.2.1"
  test_api:
    dependency: transitive
    description:
      name: test_api
      sha256: ad540f65f92caa91bf21dfc8ffb8c589d6e4dc0c2267818b4cc2792857706206
      url: "https://pub.dev"
    source: hosted
    version: "0.4.16"
  typed_data:
    dependency: transitive
    description:
      name: typed_data
      sha256: "26f87ade979c47a150c9eaab93ccd2bebe70a27dc0b4b29517f2904f04eb11a5"
      url: "https://pub.dev"
    source: hosted
    version: "1.3.1"
  uuid:
    dependency: transitive
    description:
      name: uuid
      sha256: "648e103079f7c64a36dc7d39369cabb358d377078a051d6ae2ad3aa539519313"
      url: "https://pub.dev"
    source: hosted
    version: "3.0.7"
  vector_math:
    dependency: transitive
    description:
      name: vector_math
      sha256: "80b3257d1492ce4d091729e3a67a60407d227c27241d6927be0130c98e741803"
      url: "https://pub.dev"
    source: hosted
    version: "2.1.4"
  win32:
    dependency: transitive
    description:
      name: win32
      sha256: "5a751eddf9db89b3e5f9d50c20ab8612296e4e8db69009788d6c8b060a84191c"
      url: "https://pub.dev"
    source: hosted
    version: "4.1.4"
  xdg_directories:
    dependency: transitive
    description:
      name: xdg_directories
      sha256: ee1505df1426458f7f60aac270645098d318a8b4766d85fde75f76f2e21807d1
      url: "https://pub.dev"
    source: hosted
    version: "1.0.0"
sdks:
  dart: ">=2.19.2 <3.0.0"
  flutter: ">=3.3.0"
